PODS:
  - Flutter (1.0.0)
  - flutter_fai_webview (0.0.1):
    - Flutter

DEPENDENCIES:
  - Flutter (from `.symlinks/flutter/ios`)
  - flutter_fai_webview (from `.symlinks/plugins/flutter_fai_webview/ios`)

EXTERNAL SOURCES:
  Flutter:
    :path: ".symlinks/flutter/ios"
  flutter_fai_webview:
    :path: ".symlinks/plugins/flutter_fai_webview/ios"

SPEC CHECKSUMS:
  Flutter: 0e3d915762c693b495b44d77113d4970485de6ec
  flutter_fai_webview: 7ecaa35047fd557c12e86a698e05fba18f5b25eb

PODFILE CHECKSUM: 7fb83752f59ead6285236625b82473f90b1cb932

COCOAPODS: 1.9.3
